// !$*UTF8*$!
{
	archiveVersion = 1;
	classes = {
	};
	objectVersion = 50;
	objects = {

/* Begin PBXBuildFile section */
		642816A1CBB263CEFEF6A635 /* libPods-WebSchedule.a in Frameworks */ = {isa = PBXBuildFile; fileRef = D569BF7AF8720311EA284F8E /* libPods-WebSchedule.a */; };
		8EEA28D0106520BC0906C808 /* libPods-WebScheduleTests.a in Frameworks */ = {isa = PBXBuildFile; fileRef = CC4AB86E88826515BEB32FC6 /* libPods-WebScheduleTests.a */; };
		F68C0DB125E7FC42002F87A8 /* NotesEndPoint.swift in Sources */ = {isa = PBXBuildFile; fileRef = F68C0DB025E7FC42002F87A8 /* NotesEndPoint.swift */; };
		F6A3CBCE25A497FD00F94EA6 /* Models.swift in Sources */ = {isa = PBXBuildFile; fileRef = F6A3CBCD25A497FD00F94EA6 /* Models.swift */; };
		F6A3CBD825A49A2200F94EA6 /* WebScheduleTests.swift in Sources */ = {isa = PBXBuildFile; fileRef = F6A3CBD725A49A2200F94EA6 /* WebScheduleTests.swift */; };
		F6A3CBE625A4A3BA00F94EA6 /* String+Error.swift in Sources */ = {isa = PBXBuildFile; fileRef = F6A3CBE525A4A3BA00F94EA6 /* String+Error.swift */; };
		F6A3CBFB25A63E2900F94EA6 /* BasicUIViewController.swift in Sources */ = {isa = PBXBuildFile; fileRef = F6A3CBFA25A63E2900F94EA6 /* BasicUIViewController.swift */; };
		F6A3CC0325A63F9000F94EA6 /* SignUpScreen.swift in Sources */ = {isa = PBXBuildFile; fileRef = F6A3CC0225A63F9000F94EA6 /* SignUpScreen.swift */; };
		F6A3CC0725A645EB00F94EA6 /* PersonalViewController.swift in Sources */ = {isa = PBXBuildFile; fileRef = F6A3CC0625A645EB00F94EA6 /* PersonalViewController.swift */; };
		F6C3B20625E8330700190DF0 /* MainTabBar.swift in Sources */ = {isa = PBXBuildFile; fileRef = F6C3B20525E8330700190DF0 /* MainTabBar.swift */; };
		F6C3B20A25E8333F00190DF0 /* ProfileViewController.swift in Sources */ = {isa = PBXBuildFile; fileRef = F6C3B20925E8333F00190DF0 /* ProfileViewController.swift */; };
		F6C3B20E25E8338400190DF0 /* NotesViewController.swift in Sources */ = {isa = PBXBuildFile; fileRef = F6C3B20D25E8338400190DF0 /* NotesViewController.swift */; };
		F6C3B21225E833B600190DF0 /* NoteViewController.swift in Sources */ = {isa = PBXBuildFile; fileRef = F6C3B21125E833B600190DF0 /* NoteViewController.swift */; };
		F6C8A738258E730E00DA874F /* AppDelegate.swift in Sources */ = {isa = PBXBuildFile; fileRef = F6C8A737258E730E00DA874F /* AppDelegate.swift */; };
		F6C8A73A258E730E00DA874F /* SceneDelegate.swift in Sources */ = {isa = PBXBuildFile; fileRef = F6C8A739258E730E00DA874F /* SceneDelegate.swift */; };
		F6C8A73F258E730E00DA874F /* Main.storyboard in Resources */ = {isa = PBXBuildFile; fileRef = F6C8A73D258E730E00DA874F /* Main.storyboard */; };
		F6C8A741258E731000DA874F /* Assets.xcassets in Resources */ = {isa = PBXBuildFile; fileRef = F6C8A740258E731000DA874F /* Assets.xcassets */; };
		F6C8A744258E731000DA874F /* LaunchScreen.storyboard in Resources */ = {isa = PBXBuildFile; fileRef = F6C8A742258E731000DA874F /* LaunchScreen.storyboard */; };
		F6C8A74D258E733600DA874F /* loginScreen.swift in Sources */ = {isa = PBXBuildFile; fileRef = F6C8A74C258E733600DA874F /* loginScreen.swift */; };
		F6C8A79C258E8E0700DA874F /* ParameterEncoding.swift in Sources */ = {isa = PBXBuildFile; fileRef = F6C8A78E258E8E0600DA874F /* ParameterEncoding.swift */; };
		F6C8A79D258E8E0700DA874F /* URLParameterEncoding.swift in Sources */ = {isa = PBXBuildFile; fileRef = F6C8A78F258E8E0600DA874F /* URLParameterEncoding.swift */; };
		F6C8A79E258E8E0700DA874F /* JSONParameterEncoder.swift in Sources */ = {isa = PBXBuildFile; fileRef = F6C8A790258E8E0600DA874F /* JSONParameterEncoder.swift */; };
		F6C8A79F258E8E0700DA874F /* NetworkManager.swift in Sources */ = {isa = PBXBuildFile; fileRef = F6C8A792258E8E0600DA874F /* NetworkManager.swift */; };
		F6C8A7A0258E8E0700DA874F /* AuthEndPoint.swift in Sources */ = {isa = PBXBuildFile; fileRef = F6C8A794258E8E0600DA874F /* AuthEndPoint.swift */; };
		F6C8A7A1258E8E0700DA874F /* NetworkROUTER.swift in Sources */ = {isa = PBXBuildFile; fileRef = F6C8A796258E8E0600DA874F /* NetworkROUTER.swift */; };
		F6C8A7A2258E8E0700DA874F /* HTTPTask.swift in Sources */ = {isa = PBXBuildFile; fileRef = F6C8A797258E8E0600DA874F /* HTTPTask.swift */; };
		F6C8A7A3258E8E0700DA874F /* HTTPMethod.swift in Sources */ = {isa = PBXBuildFile; fileRef = F6C8A798258E8E0600DA874F /* HTTPMethod.swift */; };
		F6C8A7A4258E8E0700DA874F /* Router.swift in Sources */ = {isa = PBXBuildFile; fileRef = F6C8A799258E8E0600DA874F /* Router.swift */; };
		F6C8A7A5258E8E0700DA874F /* NetworkLogger.swift in Sources */ = {isa = PBXBuildFile; fileRef = F6C8A79A258E8E0600DA874F /* NetworkLogger.swift */; };
		F6C8A7A6258E8E0700DA874F /* EndPointType.swift in Sources */ = {isa = PBXBuildFile; fileRef = F6C8A79B258E8E0600DA874F /* EndPointType.swift */; };
		F6FAE41025EAA616008AE3DB /* NoteCell.swift in Sources */ = {isa = PBXBuildFile; fileRef = F6FAE40F25EAA616008AE3DB /* NoteCell.swift */; };
		F6FAE41F25ED2BC4008AE3DB /* SpinnerViewController.swift in Sources */ = {isa = PBXBuildFile; fileRef = F6FAE41E25ED2BC4008AE3DB /* SpinnerViewController.swift */; };
/* End PBXBuildFile section */

/* Begin PBXContainerItemProxy section */
		F6A3CBDA25A49A2200F94EA6 /* PBXContainerItemProxy */ = {
			isa = PBXContainerItemProxy;
			containerPortal = F6C8A72C258E730E00DA874F /* Project object */;
			proxyType = 1;
			remoteGlobalIDString = F6C8A733258E730E00DA874F;
			remoteInfo = WebSchedule;
		};
/* End PBXContainerItemProxy section */

/* Begin PBXFileReference section */
		0BD0B8CC5B6726075DE18D80 /* Pods-WebSchedule.release.xcconfig */ = {isa = PBXFileReference; includeInIndex = 1; lastKnownFileType = text.xcconfig; name = "Pods-WebSchedule.release.xcconfig"; path = "Target Support Files/Pods-WebSchedule/Pods-WebSchedule.release.xcconfig"; sourceTree = "<group>"; };
		6B31D9C37DB37ABBE6755D54 /* Pods-WebScheduleTests.debug.xcconfig */ = {isa = PBXFileReference; includeInIndex = 1; lastKnownFileType = text.xcconfig; name = "Pods-WebScheduleTests.debug.xcconfig"; path = "Target Support Files/Pods-WebScheduleTests/Pods-WebScheduleTests.debug.xcconfig"; sourceTree = "<group>"; };
		AE054C74CC3F4F4F7EA91B12 /* Pods-WebScheduleTests.release.xcconfig */ = {isa = PBXFileReference; includeInIndex = 1; lastKnownFileType = text.xcconfig; name = "Pods-WebScheduleTests.release.xcconfig"; path = "Target Support Files/Pods-WebScheduleTests/Pods-WebScheduleTests.release.xcconfig"; sourceTree = "<group>"; };
		CC4AB86E88826515BEB32FC6 /* libPods-WebScheduleTests.a */ = {isa = PBXFileReference; explicitFileType = archive.ar; includeInIndex = 0; path = "libPods-WebScheduleTests.a"; sourceTree = BUILT_PRODUCTS_DIR; };
		D569BF7AF8720311EA284F8E /* libPods-WebSchedule.a */ = {isa = PBXFileReference; explicitFileType = archive.ar; includeInIndex = 0; path = "libPods-WebSchedule.a"; sourceTree = BUILT_PRODUCTS_DIR; };
		F68C0DB025E7FC42002F87A8 /* NotesEndPoint.swift */ = {isa = PBXFileReference; lastKnownFileType = sourcecode.swift; path = NotesEndPoint.swift; sourceTree = "<group>"; };
		F6A3CBCD25A497FD00F94EA6 /* Models.swift */ = {isa = PBXFileReference; lastKnownFileType = sourcecode.swift; path = Models.swift; sourceTree = "<group>"; };
		F6A3CBD525A49A2200F94EA6 /* WebScheduleTests.xctest */ = {isa = PBXFileReference; explicitFileType = wrapper.cfbundle; includeInIndex = 0; path = WebScheduleTests.xctest; sourceTree = BUILT_PRODUCTS_DIR; };
		F6A3CBD725A49A2200F94EA6 /* WebScheduleTests.swift */ = {isa = PBXFileReference; lastKnownFileType = sourcecode.swift; path = WebScheduleTests.swift; sourceTree = "<group>"; };
		F6A3CBD925A49A2200F94EA6 /* Info.plist */ = {isa = PBXFileReference; lastKnownFileType = text.plist.xml; path = Info.plist; sourceTree = "<group>"; };
		F6A3CBE525A4A3BA00F94EA6 /* String+Error.swift */ = {isa = PBXFileReference; lastKnownFileType = sourcecode.swift; path = "String+Error.swift"; sourceTree = "<group>"; };
		F6A3CBFA25A63E2900F94EA6 /* BasicUIViewController.swift */ = {isa = PBXFileReference; lastKnownFileType = sourcecode.swift; path = BasicUIViewController.swift; sourceTree = "<group>"; };
		F6A3CC0225A63F9000F94EA6 /* SignUpScreen.swift */ = {isa = PBXFileReference; lastKnownFileType = sourcecode.swift; path = SignUpScreen.swift; sourceTree = "<group>"; };
		F6A3CC0625A645EB00F94EA6 /* PersonalViewController.swift */ = {isa = PBXFileReference; lastKnownFileType = sourcecode.swift; path = PersonalViewController.swift; sourceTree = "<group>"; };
		F6C3B20525E8330700190DF0 /* MainTabBar.swift */ = {isa = PBXFileReference; lastKnownFileType = sourcecode.swift; path = MainTabBar.swift; sourceTree = "<group>"; };
		F6C3B20925E8333F00190DF0 /* ProfileViewController.swift */ = {isa = PBXFileReference; lastKnownFileType = sourcecode.swift; path = ProfileViewController.swift; sourceTree = "<group>"; };
		F6C3B20D25E8338400190DF0 /* NotesViewController.swift */ = {isa = PBXFileReference; lastKnownFileType = sourcecode.swift; path = NotesViewController.swift; sourceTree = "<group>"; };
		F6C3B21125E833B600190DF0 /* NoteViewController.swift */ = {isa = PBXFileReference; lastKnownFileType = sourcecode.swift; path = NoteViewController.swift; sourceTree = "<group>"; };
		F6C8A734258E730E00DA874F /* WebSchedule.app */ = {isa = PBXFileReference; explicitFileType = wrapper.application; includeInIndex = 0; path = WebSchedule.app; sourceTree = BUILT_PRODUCTS_DIR; };
		F6C8A737258E730E00DA874F /* AppDelegate.swift */ = {isa = PBXFileReference; lastKnownFileType = sourcecode.swift; path = AppDelegate.swift; sourceTree = "<group>"; };
		F6C8A739258E730E00DA874F /* SceneDelegate.swift */ = {isa = PBXFileReference; lastKnownFileType = sourcecode.swift; path = SceneDelegate.swift; sourceTree = "<group>"; };
		F6C8A73E258E730E00DA874F /* Base */ = {isa = PBXFileReference; lastKnownFileType = file.storyboard; name = Base; path = Base.lproj/Main.storyboard; sourceTree = "<group>"; };
		F6C8A740258E731000DA874F /* Assets.xcassets */ = {isa = PBXFileReference; lastKnownFileType = folder.assetcatalog; path = Assets.xcassets; sourceTree = "<group>"; };
		F6C8A743258E731000DA874F /* Base */ = {isa = PBXFileReference; lastKnownFileType = file.storyboard; name = Base; path = Base.lproj/LaunchScreen.storyboard; sourceTree = "<group>"; };
		F6C8A745258E731000DA874F /* Info.plist */ = {isa = PBXFileReference; lastKnownFileType = text.plist.xml; path = Info.plist; sourceTree = "<group>"; };
		F6C8A74C258E733600DA874F /* loginScreen.swift */ = {isa = PBXFileReference; lastKnownFileType = sourcecode.swift; path = loginScreen.swift; sourceTree = "<group>"; };
		F6C8A78E258E8E0600DA874F /* ParameterEncoding.swift */ = {isa = PBXFileReference; fileEncoding = 4; lastKnownFileType = sourcecode.swift; path = ParameterEncoding.swift; sourceTree = "<group>"; };
		F6C8A78F258E8E0600DA874F /* URLParameterEncoding.swift */ = {isa = PBXFileReference; fileEncoding = 4; lastKnownFileType = sourcecode.swift; path = URLParameterEncoding.swift; sourceTree = "<group>"; };
		F6C8A790258E8E0600DA874F /* JSONParameterEncoder.swift */ = {isa = PBXFileReference; fileEncoding = 4; lastKnownFileType = sourcecode.swift; path = JSONParameterEncoder.swift; sourceTree = "<group>"; };
		F6C8A792258E8E0600DA874F /* NetworkManager.swift */ = {isa = PBXFileReference; fileEncoding = 4; lastKnownFileType = sourcecode.swift; path = NetworkManager.swift; sourceTree = "<group>"; };
		F6C8A794258E8E0600DA874F /* AuthEndPoint.swift */ = {isa = PBXFileReference; fileEncoding = 4; lastKnownFileType = sourcecode.swift; path = AuthEndPoint.swift; sourceTree = "<group>"; };
		F6C8A796258E8E0600DA874F /* NetworkROUTER.swift */ = {isa = PBXFileReference; fileEncoding = 4; lastKnownFileType = sourcecode.swift; path = NetworkROUTER.swift; sourceTree = "<group>"; };
		F6C8A797258E8E0600DA874F /* HTTPTask.swift */ = {isa = PBXFileReference; fileEncoding = 4; lastKnownFileType = sourcecode.swift; path = HTTPTask.swift; sourceTree = "<group>"; };
		F6C8A798258E8E0600DA874F /* HTTPMethod.swift */ = {isa = PBXFileReference; fileEncoding = 4; lastKnownFileType = sourcecode.swift; path = HTTPMethod.swift; sourceTree = "<group>"; };
		F6C8A799258E8E0600DA874F /* Router.swift */ = {isa = PBXFileReference; fileEncoding = 4; lastKnownFileType = sourcecode.swift; path = Router.swift; sourceTree = "<group>"; };
		F6C8A79A258E8E0600DA874F /* NetworkLogger.swift */ = {isa = PBXFileReference; fileEncoding = 4; lastKnownFileType = sourcecode.swift; path = NetworkLogger.swift; sourceTree = "<group>"; };
		F6C8A79B258E8E0600DA874F /* EndPointType.swift */ = {isa = PBXFileReference; fileEncoding = 4; lastKnownFileType = sourcecode.swift; path = EndPointType.swift; sourceTree = "<group>"; };
		F6FAE40F25EAA616008AE3DB /* NoteCell.swift */ = {isa = PBXFileReference; lastKnownFileType = sourcecode.swift; path = NoteCell.swift; sourceTree = "<group>"; };
		F6FAE41E25ED2BC4008AE3DB /* SpinnerViewController.swift */ = {isa = PBXFileReference; lastKnownFileType = sourcecode.swift; path = SpinnerViewController.swift; sourceTree = "<group>"; };
		FD138006A7E75F0A6E686F7C /* Pods-WebSchedule.debug.xcconfig */ = {isa = PBXFileReference; includeInIndex = 1; lastKnownFileType = text.xcconfig; name = "Pods-WebSchedule.debug.xcconfig"; path = "Target Support Files/Pods-WebSchedule/Pods-WebSchedule.debug.xcconfig"; sourceTree = "<group>"; };
/* End PBXFileReference section */

/* Begin PBXFrameworksBuildPhase section */
		F6A3CBD225A49A2200F94EA6 /* Frameworks */ = {
			isa = PBXFrameworksBuildPhase;
			buildActionMask = 2147483647;
			files = (
				8EEA28D0106520BC0906C808 /* libPods-WebScheduleTests.a in Frameworks */,
			);
			runOnlyForDeploymentPostprocessing = 0;
		};
		F6C8A731258E730E00DA874F /* Frameworks */ = {
			isa = PBXFrameworksBuildPhase;
			buildActionMask = 2147483647;
			files = (
				642816A1CBB263CEFEF6A635 /* libPods-WebSchedule.a in Frameworks */,
			);
			runOnlyForDeploymentPostprocessing = 0;
		};
/* End PBXFrameworksBuildPhase section */

/* Begin PBXGroup section */
		78ED5B3CC51FE28508E8B4D3 /* Frameworks */ = {
			isa = PBXGroup;
			children = (
				D569BF7AF8720311EA284F8E /* libPods-WebSchedule.a */,
				CC4AB86E88826515BEB32FC6 /* libPods-WebScheduleTests.a */,
			);
			name = Frameworks;
			sourceTree = "<group>";
		};
		F6A3CBD625A49A2200F94EA6 /* WebScheduleTests */ = {
			isa = PBXGroup;
			children = (
				F6A3CBD725A49A2200F94EA6 /* WebScheduleTests.swift */,
				F6A3CBD925A49A2200F94EA6 /* Info.plist */,
			);
			path = WebScheduleTests;
			sourceTree = "<group>";
		};
		F6A3CBE925A4A3BF00F94EA6 /* Extensions */ = {
			isa = PBXGroup;
			children = (
				F6A3CBE525A4A3BA00F94EA6 /* String+Error.swift */,
			);
			path = Extensions;
			sourceTree = "<group>";
		};
		F6C8A72B258E730E00DA874F = {
			isa = PBXGroup;
			children = (
				F6C8A736258E730E00DA874F /* WebSchedule */,
				F6A3CBD625A49A2200F94EA6 /* WebScheduleTests */,
				F6C8A735258E730E00DA874F /* Products */,
				FD1F8D9843A567BD2887B5A3 /* Pods */,
				78ED5B3CC51FE28508E8B4D3 /* Frameworks */,
			);
			sourceTree = "<group>";
		};
		F6C8A735258E730E00DA874F /* Products */ = {
			isa = PBXGroup;
			children = (
				F6C8A734258E730E00DA874F /* WebSchedule.app */,
				F6A3CBD525A49A2200F94EA6 /* WebScheduleTests.xctest */,
			);
			name = Products;
			sourceTree = "<group>";
		};
		F6C8A736258E730E00DA874F /* WebSchedule */ = {
			isa = PBXGroup;
			children = (
				F6C8A737258E730E00DA874F /* AppDelegate.swift */,
				F6C8A739258E730E00DA874F /* SceneDelegate.swift */,
				F6C8A751258E734500DA874F /* Main */,
				F6C8A74F258E733B00DA874F /* Auth */,
				F6C8A740258E731000DA874F /* Assets.xcassets */,
				F6C8A742258E731000DA874F /* LaunchScreen.storyboard */,
				F6C8A745258E731000DA874F /* Info.plist */,
				F6C8A78C258E8E0600DA874F /* Networking */,
				F6C8A75D258E789100DA874F /* Models */,
				F6A3CBE925A4A3BF00F94EA6 /* Extensions */,
			);
			path = WebSchedule;
			sourceTree = "<group>";
		};
		F6C8A74F258E733B00DA874F /* Auth */ = {
			isa = PBXGroup;
			children = (
				F6A3CBFA25A63E2900F94EA6 /* BasicUIViewController.swift */,
				F6C8A74C258E733600DA874F /* loginScreen.swift */,
				F6A3CC0225A63F9000F94EA6 /* SignUpScreen.swift */,
			);
			path = Auth;
			sourceTree = "<group>";
		};
		F6C8A751258E734500DA874F /* Main */ = {
			isa = PBXGroup;
			children = (
				F6C8A73D258E730E00DA874F /* Main.storyboard */,
				F6A3CC0625A645EB00F94EA6 /* PersonalViewController.swift */,
				F6C3B20525E8330700190DF0 /* MainTabBar.swift */,
				F6C3B20925E8333F00190DF0 /* ProfileViewController.swift */,
				F6C3B21125E833B600190DF0 /* NoteViewController.swift */,
				F6FAE41725EAB802008AE3DB /* TableView */,
				F6FAE42225ED2BCB008AE3DB /* SpinnerView */,
			);
			path = Main;
			sourceTree = "<group>";
		};
		F6C8A75D258E789100DA874F /* Models */ = {
			isa = PBXGroup;
			children = (
				F6A3CBCD25A497FD00F94EA6 /* Models.swift */,
			);
			path = Models;
			sourceTree = "<group>";
		};
		F6C8A78C258E8E0600DA874F /* Networking */ = {
			isa = PBXGroup;
			children = (
				F6C8A78D258E8E0600DA874F /* Encoding */,
				F6C8A791258E8E0600DA874F /* Manager */,
				F6C8A793258E8E0600DA874F /* EndPoint */,
			);
			path = Networking;
			sourceTree = "<group>";
		};
		F6C8A78D258E8E0600DA874F /* Encoding */ = {
			isa = PBXGroup;
			children = (
				F6C8A78F258E8E0600DA874F /* URLParameterEncoding.swift */,
				F6C8A790258E8E0600DA874F /* JSONParameterEncoder.swift */,
			);
			path = Encoding;
			sourceTree = "<group>";
		};
		F6C8A791258E8E0600DA874F /* Manager */ = {
			isa = PBXGroup;
			children = (
				F6C8A796258E8E0600DA874F /* NetworkROUTER.swift */,
				F6C8A78E258E8E0600DA874F /* ParameterEncoding.swift */,
				F6C8A792258E8E0600DA874F /* NetworkManager.swift */,
				F6C8A795258E8E0600DA874F /* Service */,
			);
			path = Manager;
			sourceTree = "<group>";
		};
		F6C8A793258E8E0600DA874F /* EndPoint */ = {
			isa = PBXGroup;
			children = (
				F6C8A794258E8E0600DA874F /* AuthEndPoint.swift */,
				F68C0DB025E7FC42002F87A8 /* NotesEndPoint.swift */,
			);
			path = EndPoint;
			sourceTree = "<group>";
		};
		F6C8A795258E8E0600DA874F /* Service */ = {
			isa = PBXGroup;
			children = (
				F6C8A797258E8E0600DA874F /* HTTPTask.swift */,
				F6C8A798258E8E0600DA874F /* HTTPMethod.swift */,
				F6C8A799258E8E0600DA874F /* Router.swift */,
				F6C8A79A258E8E0600DA874F /* NetworkLogger.swift */,
				F6C8A79B258E8E0600DA874F /* EndPointType.swift */,
			);
			path = Service;
			sourceTree = "<group>";
		};
		F6FAE41725EAB802008AE3DB /* TableView */ = {
			isa = PBXGroup;
			children = (
				F6C3B20D25E8338400190DF0 /* NotesViewController.swift */,
				F6FAE40F25EAA616008AE3DB /* NoteCell.swift */,
			);
			path = TableView;
			sourceTree = "<group>";
		};
		F6FAE42225ED2BCB008AE3DB /* SpinnerView */ = {
			isa = PBXGroup;
			children = (
				F6FAE41E25ED2BC4008AE3DB /* SpinnerViewController.swift */,
			);
			path = SpinnerView;
			sourceTree = "<group>";
		};
		FD1F8D9843A567BD2887B5A3 /* Pods */ = {
			isa = PBXGroup;
			children = (
				FD138006A7E75F0A6E686F7C /* Pods-WebSchedule.debug.xcconfig */,
				0BD0B8CC5B6726075DE18D80 /* Pods-WebSchedule.release.xcconfig */,
				6B31D9C37DB37ABBE6755D54 /* Pods-WebScheduleTests.debug.xcconfig */,
				AE054C74CC3F4F4F7EA91B12 /* Pods-WebScheduleTests.release.xcconfig */,
			);
			name = Pods;
			path = Pods;
			sourceTree = "<group>";
		};
/* End PBXGroup section */

/* Begin PBXNativeTarget section */
		F6A3CBD425A49A2200F94EA6 /* WebScheduleTests */ = {
			isa = PBXNativeTarget;
			buildConfigurationList = F6A3CBDC25A49A2200F94EA6 /* Build configuration list for PBXNativeTarget "WebScheduleTests" */;
			buildPhases = (
				92E1D9AA96C03B5E51C46BA1 /* [CP] Check Pods Manifest.lock */,
				F6A3CBD125A49A2200F94EA6 /* Sources */,
				F6A3CBD225A49A2200F94EA6 /* Frameworks */,
				F6A3CBD325A49A2200F94EA6 /* Resources */,
			);
			buildRules = (
			);
			dependencies = (
				F6A3CBDB25A49A2200F94EA6 /* PBXTargetDependency */,
			);
			name = WebScheduleTests;
			productName = WebScheduleTests;
			productReference = F6A3CBD525A49A2200F94EA6 /* WebScheduleTests.xctest */;
			productType = "com.apple.product-type.bundle.unit-test";
		};
		F6C8A733258E730E00DA874F /* WebSchedule */ = {
			isa = PBXNativeTarget;
			buildConfigurationList = F6C8A748258E731000DA874F /* Build configuration list for PBXNativeTarget "WebSchedule" */;
			buildPhases = (
				2529BEDDBF41B44A60163D78 /* [CP] Check Pods Manifest.lock */,
				F6C8A730258E730E00DA874F /* Sources */,
				F6C8A731258E730E00DA874F /* Frameworks */,
				F6C8A732258E730E00DA874F /* Resources */,
			);
			buildRules = (
			);
			dependencies = (
			);
			name = WebSchedule;
			productName = WebSchedule;
			productReference = F6C8A734258E730E00DA874F /* WebSchedule.app */;
			productType = "com.apple.product-type.application";
		};
/* End PBXNativeTarget section */

/* Begin PBXProject section */
		F6C8A72C258E730E00DA874F /* Project object */ = {
			isa = PBXProject;
			attributes = {
				LastSwiftUpdateCheck = 1230;
				LastUpgradeCheck = 1230;
				TargetAttributes = {
					F6A3CBD425A49A2200F94EA6 = {
						CreatedOnToolsVersion = 12.3;
						TestTargetID = F6C8A733258E730E00DA874F;
					};
					F6C8A733258E730E00DA874F = {
						CreatedOnToolsVersion = 12.3;
					};
				};
			};
			buildConfigurationList = F6C8A72F258E730E00DA874F /* Build configuration list for PBXProject "WebSchedule" */;
			compatibilityVersion = "Xcode 9.3";
			developmentRegion = en;
			hasScannedForEncodings = 0;
			knownRegions = (
				en,
				Base,
			);
			mainGroup = F6C8A72B258E730E00DA874F;
			productRefGroup = F6C8A735258E730E00DA874F /* Products */;
			projectDirPath = "";
			projectRoot = "";
			targets = (
				F6C8A733258E730E00DA874F /* WebSchedule */,
				F6A3CBD425A49A2200F94EA6 /* WebScheduleTests */,
			);
		};
/* End PBXProject section */

/* Begin PBXResourcesBuildPhase section */
		F6A3CBD325A49A2200F94EA6 /* Resources */ = {
			isa = PBXResourcesBuildPhase;
			buildActionMask = 2147483647;
			files = (
			);
			runOnlyForDeploymentPostprocessing = 0;
		};
		F6C8A732258E730E00DA874F /* Resources */ = {
			isa = PBXResourcesBuildPhase;
			buildActionMask = 2147483647;
			files = (
				F6C8A744258E731000DA874F /* LaunchScreen.storyboard in Resources */,
				F6C8A741258E731000DA874F /* Assets.xcassets in Resources */,
				F6C8A73F258E730E00DA874F /* Main.storyboard in Resources */,
			);
			runOnlyForDeploymentPostprocessing = 0;
		};
/* End PBXResourcesBuildPhase section */

/* Begin PBXShellScriptBuildPhase section */
		2529BEDDBF41B44A60163D78 /* [CP] Check Pods Manifest.lock */ = {
			isa = PBXShellScriptBuildPhase;
			buildActionMask = 2147483647;
			files = (
			);
			inputFileListPaths = (
			);
			inputPaths = (
				"${PODS_PODFILE_DIR_PATH}/Podfile.lock",
				"${PODS_ROOT}/Manifest.lock",
			);
			name = "[CP] Check Pods Manifest.lock";
			outputFileListPaths = (
			);
			outputPaths = (
				"$(DERIVED_FILE_DIR)/Pods-WebSchedule-checkManifestLockResult.txt",
			);
			runOnlyForDeploymentPostprocessing = 0;
			shellPath = /bin/sh;
			shellScript = "diff \"${PODS_PODFILE_DIR_PATH}/Podfile.lock\" \"${PODS_ROOT}/Manifest.lock\" > /dev/null\nif [ $? != 0 ] ; then\n    # print error to STDERR\n    echo \"error: The sandbox is not in sync with the Podfile.lock. Run 'pod install' or update your CocoaPods installation.\" >&2\n    exit 1\nfi\n# This output is used by Xcode 'outputs' to avoid re-running this script phase.\necho \"SUCCESS\" > \"${SCRIPT_OUTPUT_FILE_0}\"\n";
			showEnvVarsInLog = 0;
		};
		92E1D9AA96C03B5E51C46BA1 /* [CP] Check Pods Manifest.lock */ = {
			isa = PBXShellScriptBuildPhase;
			buildActionMask = 2147483647;
			files = (
			);
			inputFileListPaths = (
			);
			inputPaths = (
				"${PODS_PODFILE_DIR_PATH}/Podfile.lock",
				"${PODS_ROOT}/Manifest.lock",
			);
			name = "[CP] Check Pods Manifest.lock";
			outputFileListPaths = (
			);
			outputPaths = (
				"$(DERIVED_FILE_DIR)/Pods-WebScheduleTests-checkManifestLockResult.txt",
			);
			runOnlyForDeploymentPostprocessing = 0;
			shellPath = /bin/sh;
			shellScript = "diff \"${PODS_PODFILE_DIR_PATH}/Podfile.lock\" \"${PODS_ROOT}/Manifest.lock\" > /dev/null\nif [ $? != 0 ] ; then\n    # print error to STDERR\n    echo \"error: The sandbox is not in sync with the Podfile.lock. Run 'pod install' or update your CocoaPods installation.\" >&2\n    exit 1\nfi\n# This output is used by Xcode 'outputs' to avoid re-running this script phase.\necho \"SUCCESS\" > \"${SCRIPT_OUTPUT_FILE_0}\"\n";
			showEnvVarsInLog = 0;
		};
/* End PBXShellScriptBuildPhase section */

/* Begin PBXSourcesBuildPhase section */
		F6A3CBD125A49A2200F94EA6 /* Sources */ = {
			isa = PBXSourcesBuildPhase;
			buildActionMask = 2147483647;
			files = (
				F6A3CBD825A49A2200F94EA6 /* WebScheduleTests.swift in Sources */,
			);
			runOnlyForDeploymentPostprocessing = 0;
		};
		F6C8A730258E730E00DA874F /* Sources */ = {
			isa = PBXSourcesBuildPhase;
			buildActionMask = 2147483647;
			files = (
				F6C8A7A1258E8E0700DA874F /* NetworkROUTER.swift in Sources */,
				F6C8A79C258E8E0700DA874F /* ParameterEncoding.swift in Sources */,
				F6C8A7A4258E8E0700DA874F /* Router.swift in Sources */,
				F6C3B20625E8330700190DF0 /* MainTabBar.swift in Sources */,
				F6C8A79F258E8E0700DA874F /* NetworkManager.swift in Sources */,
				F6C8A74D258E733600DA874F /* loginScreen.swift in Sources */,
				F6A3CC0725A645EB00F94EA6 /* PersonalViewController.swift in Sources */,
				F6C8A738258E730E00DA874F /* AppDelegate.swift in Sources */,
				F6C8A7A6258E8E0700DA874F /* EndPointType.swift in Sources */,
				F6A3CBCE25A497FD00F94EA6 /* Models.swift in Sources */,
				F6C8A7A5258E8E0700DA874F /* NetworkLogger.swift in Sources */,
				F6C8A79D258E8E0700DA874F /* URLParameterEncoding.swift in Sources */,
				F6A3CC0325A63F9000F94EA6 /* SignUpScreen.swift in Sources */,
				F6C8A79E258E8E0700DA874F /* JSONParameterEncoder.swift in Sources */,
				F6FAE41F25ED2BC4008AE3DB /* SpinnerViewController.swift in Sources */,
				F6C3B20A25E8333F00190DF0 /* ProfileViewController.swift in Sources */,
				F6C8A7A3258E8E0700DA874F /* HTTPMethod.swift in Sources */,
				F6C8A7A2258E8E0700DA874F /* HTTPTask.swift in Sources */,
				F6C3B21225E833B600190DF0 /* NoteViewController.swift in Sources */,
				F68C0DB125E7FC42002F87A8 /* NotesEndPoint.swift in Sources */,
				F6A3CBE625A4A3BA00F94EA6 /* String+Error.swift in Sources */,
				F6C3B20E25E8338400190DF0 /* NotesViewController.swift in Sources */,
				F6C8A7A0258E8E0700DA874F /* AuthEndPoint.swift in Sources */,
				F6FAE41025EAA616008AE3DB /* NoteCell.swift in Sources */,
				F6C8A73A258E730E00DA874F /* SceneDelegate.swift in Sources */,
				F6A3CBFB25A63E2900F94EA6 /* BasicUIViewController.swift in Sources */,
			);
			runOnlyForDeploymentPostprocessing = 0;
		};
/* End PBXSourcesBuildPhase section */

/* Begin PBXTargetDependency section */
		F6A3CBDB25A49A2200F94EA6 /* PBXTargetDependency */ = {
			isa = PBXTargetDependency;
			target = F6C8A733258E730E00DA874F /* WebSchedule */;
			targetProxy = F6A3CBDA25A49A2200F94EA6 /* PBXContainerItemProxy */;
		};
/* End PBXTargetDependency section */

/* Begin PBXVariantGroup section */
		F6C8A73D258E730E00DA874F /* Main.storyboard */ = {
			isa = PBXVariantGroup;
			children = (
				F6C8A73E258E730E00DA874F /* Base */,
			);
			name = Main.storyboard;
			sourceTree = "<group>";
		};
		F6C8A742258E731000DA874F /* LaunchScreen.storyboard */ = {
			isa = PBXVariantGroup;
			children = (
				F6C8A743258E731000DA874F /* Base */,
			);
			name = LaunchScreen.storyboard;
			sourceTree = "<group>";
		};
/* End PBXVariantGroup section */

/* Begin XCBuildConfiguration section */
		F6A3CBDD25A49A2200F94EA6 /* Debug */ = {
			isa = XCBuildConfiguration;
			baseConfigurationReference = 6B31D9C37DB37ABBE6755D54 /* Pods-WebScheduleTests.debug.xcconfig */;
			buildSettings = {
				BUNDLE_LOADER = "$(TEST_HOST)";
				CODE_SIGN_STYLE = Automatic;
				DEVELOPMENT_TEAM = N2YBW8Q7F9;
				INFOPLIST_FILE = WebScheduleTests/Info.plist;
				LD_RUNPATH_SEARCH_PATHS = (
					"$(inherited)",
					"@executable_path/Frameworks",
					"@loader_path/Frameworks",
				);
				PRODUCT_BUNDLE_IDENTIFIER = com.AndreiKonovalov.WebScheduleTests;
				PRODUCT_NAME = "$(TARGET_NAME)";
				SWIFT_VERSION = 5.0;
				TARGETED_DEVICE_FAMILY = "1,2";
				TEST_HOST = "$(BUILT_PRODUCTS_DIR)/WebSchedule.app/WebSchedule";
			};
			name = Debug;
		};
		F6A3CBDE25A49A2200F94EA6 /* Release */ = {
			isa = XCBuildConfiguration;
			baseConfigurationReference = AE054C74CC3F4F4F7EA91B12 /* Pods-WebScheduleTests.release.xcconfig */;
			buildSettings = {
				BUNDLE_LOADER = "$(TEST_HOST)";
				CODE_SIGN_STYLE = Automatic;
				DEVELOPMENT_TEAM = N2YBW8Q7F9;
				INFOPLIST_FILE = WebScheduleTests/Info.plist;
				LD_RUNPATH_SEARCH_PATHS = (
					"$(inherited)",
					"@executable_path/Frameworks",
					"@loader_path/Frameworks",
				);
				PRODUCT_BUNDLE_IDENTIFIER = com.AndreiKonovalov.WebScheduleTests;
				PRODUCT_NAME = "$(TARGET_NAME)";
				SWIFT_VERSION = 5.0;
				TARGETED_DEVICE_FAMILY = "1,2";
				TEST_HOST = "$(BUILT_PRODUCTS_DIR)/WebSchedule.app/WebSchedule";
			};
			name = Release;
		};
		F6C8A746258E731000DA874F /* Debug */ = {
			isa = XCBuildConfiguration;
			buildSettings = {
				ALWAYS_SEARCH_USER_PATHS = NO;
				CLANG_ANALYZER_NONNULL = YES;
				CLANG_ANALYZER_NUMBER_OBJECT_CONVERSION = YES_AGGRESSIVE;
				CLANG_CXX_LANGUAGE_STANDARD = "gnu++14";
				CLANG_CXX_LIBRARY = "libc++";
				CLANG_ENABLE_MODULES = YES;
				CLANG_ENABLE_OBJC_ARC = YES;
				CLANG_ENABLE_OBJC_WEAK = YES;
				CLANG_WARN_BLOCK_CAPTURE_AUTORELEASING = YES;
				CLANG_WARN_BOOL_CONVERSION = YES;
				CLANG_WARN_COMMA = YES;
				CLANG_WARN_CONSTANT_CONVERSION = YES;
				CLANG_WARN_DEPRECATED_OBJC_IMPLEMENTATIONS = YES;
				CLANG_WARN_DIRECT_OBJC_ISA_USAGE = YES_ERROR;
				CLANG_WARN_DOCUMENTATION_COMMENTS = YES;
				CLANG_WARN_EMPTY_BODY = YES;
				CLANG_WARN_ENUM_CONVERSION = YES;
				CLANG_WARN_INFINITE_RECURSION = YES;
				CLANG_WARN_INT_CONVERSION = YES;
				CLANG_WARN_NON_LITERAL_NULL_CONVERSION = YES;
				CLANG_WARN_OBJC_IMPLICIT_RETAIN_SELF = YES;
				CLANG_WARN_OBJC_LITERAL_CONVERSION = YES;
				CLANG_WARN_OBJC_ROOT_CLASS = YES_ERROR;
				CLANG_WARN_QUOTED_INCLUDE_IN_FRAMEWORK_HEADER = YES;
				CLANG_WARN_RANGE_LOOP_ANALYSIS = YES;
				CLANG_WARN_STRICT_PROTOTYPES = YES;
				CLANG_WARN_SUSPICIOUS_MOVE = YES;
				CLANG_WARN_UNGUARDED_AVAILABILITY = YES_AGGRESSIVE;
				CLANG_WARN_UNREACHABLE_CODE = YES;
				CLANG_WARN__DUPLICATE_METHOD_MATCH = YES;
				COPY_PHASE_STRIP = NO;
				DEBUG_INFORMATION_FORMAT = dwarf;
				ENABLE_STRICT_OBJC_MSGSEND = YES;
				ENABLE_TESTABILITY = YES;
				GCC_C_LANGUAGE_STANDARD = gnu11;
				GCC_DYNAMIC_NO_PIC = NO;
				GCC_NO_COMMON_BLOCKS = YES;
				GCC_OPTIMIZATION_LEVEL = 0;
				GCC_PREPROCESSOR_DEFINITIONS = (
					"DEBUG=1",
					"$(inherited)",
				);
				GCC_WARN_64_TO_32_BIT_CONVERSION = YES;
				GCC_WARN_ABOUT_RETURN_TYPE = YES_ERROR;
				GCC_WARN_UNDECLARED_SELECTOR = YES;
				GCC_WARN_UNINITIALIZED_AUTOS = YES_AGGRESSIVE;
				GCC_WARN_UNUSED_FUNCTION = YES;
				GCC_WARN_UNUSED_VARIABLE = YES;
				IPHONEOS_DEPLOYMENT_TARGET = 14.3;
				MTL_ENABLE_DEBUG_INFO = INCLUDE_SOURCE;
				MTL_FAST_MATH = YES;
				ONLY_ACTIVE_ARCH = YES;
				SDKROOT = iphoneos;
				SWIFT_ACTIVE_COMPILATION_CONDITIONS = DEBUG;
				SWIFT_OPTIMIZATION_LEVEL = "-Onone";
			};
			name = Debug;
		};
		F6C8A747258E731000DA874F /* Release */ = {
			isa = XCBuildConfiguration;
			buildSettings = {
				ALWAYS_SEARCH_USER_PATHS = NO;
				CLANG_ANALYZER_NONNULL = YES;
				CLANG_ANALYZER_NUMBER_OBJECT_CONVERSION = YES_AGGRESSIVE;
				CLANG_CXX_LANGUAGE_STANDARD = "gnu++14";
				CLANG_CXX_LIBRARY = "libc++";
				CLANG_ENABLE_MODULES = YES;
				CLANG_ENABLE_OBJC_ARC = YES;
				CLANG_ENABLE_OBJC_WEAK = YES;
				CLANG_WARN_BLOCK_CAPTURE_AUTORELEASING = YES;
				CLANG_WARN_BOOL_CONVERSION = YES;
				CLANG_WARN_COMMA = YES;
				CLANG_WARN_CONSTANT_CONVERSION = YES;
				CLANG_WARN_DEPRECATED_OBJC_IMPLEMENTATIONS = YES;
				CLANG_WARN_DIRECT_OBJC_ISA_USAGE = YES_ERROR;
				CLANG_WARN_DOCUMENTATION_COMMENTS = YES;
				CLANG_WARN_EMPTY_BODY = YES;
				CLANG_WARN_ENUM_CONVERSION = YES;
				CLANG_WARN_INFINITE_RECURSION = YES;
				CLANG_WARN_INT_CONVERSION = YES;
				CLANG_WARN_NON_LITERAL_NULL_CONVERSION = YES;
				CLANG_WARN_OBJC_IMPLICIT_RETAIN_SELF = YES;
				CLANG_WARN_OBJC_LITERAL_CONVERSION = YES;
				CLANG_WARN_OBJC_ROOT_CLASS = YES_ERROR;
				CLANG_WARN_QUOTED_INCLUDE_IN_FRAMEWORK_HEADER = YES;
				CLANG_WARN_RANGE_LOOP_ANALYSIS = YES;
				CLANG_WARN_STRICT_PROTOTYPES = YES;
				CLANG_WARN_SUSPICIOUS_MOVE = YES;
				CLANG_WARN_UNGUARDED_AVAILABILITY = YES_AGGRESSIVE;
				CLANG_WARN_UNREACHABLE_CODE = YES;
				CLANG_WARN__DUPLICATE_METHOD_MATCH = YES;
				COPY_PHASE_STRIP = NO;
				DEBUG_INFORMATION_FORMAT = "dwarf-with-dsym";
				ENABLE_NS_ASSERTIONS = NO;
				ENABLE_STRICT_OBJC_MSGSEND = YES;
				GCC_C_LANGUAGE_STANDARD = gnu11;
				GCC_NO_COMMON_BLOCKS = YES;
				GCC_WARN_64_TO_32_BIT_CONVERSION = YES;
				GCC_WARN_ABOUT_RETURN_TYPE = YES_ERROR;
				GCC_WARN_UNDECLARED_SELECTOR = YES;
				GCC_WARN_UNINITIALIZED_AUTOS = YES_AGGRESSIVE;
				GCC_WARN_UNUSED_FUNCTION = YES;
				GCC_WARN_UNUSED_VARIABLE = YES;
				IPHONEOS_DEPLOYMENT_TARGET = 14.3;
				MTL_ENABLE_DEBUG_INFO = NO;
				MTL_FAST_MATH = YES;
				SDKROOT = iphoneos;
				SWIFT_COMPILATION_MODE = wholemodule;
				SWIFT_OPTIMIZATION_LEVEL = "-O";
				VALIDATE_PRODUCT = YES;
			};
			name = Release;
		};
		F6C8A749258E731000DA874F /* Debug */ = {
			isa = XCBuildConfiguration;
			baseConfigurationReference = FD138006A7E75F0A6E686F7C /* Pods-WebSchedule.debug.xcconfig */;
			buildSettings = {
				ASSETCATALOG_COMPILER_APPICON_NAME = AppIcon;
				ASSETCATALOG_COMPILER_GLOBAL_ACCENT_COLOR_NAME = AccentColor;
				CODE_SIGN_STYLE = Automatic;
				DEVELOPMENT_TEAM = N2YBW8Q7F9;
				INFOPLIST_FILE = WebSchedule/Info.plist;
				LD_RUNPATH_SEARCH_PATHS = (
					"$(inherited)",
					"@executable_path/Frameworks",
				);
				PRODUCT_BUNDLE_IDENTIFIER = com.AndreiKonovalov.WebSchedule;
				PRODUCT_NAME = "$(TARGET_NAME)";
				SWIFT_VERSION = 5.0;
				TARGETED_DEVICE_FAMILY = "1,2";
			};
			name = Debug;
		};
		F6C8A74A258E731000DA874F /* Release */ = {
			isa = XCBuildConfiguration;
			baseConfigurationReference = 0BD0B8CC5B6726075DE18D80 /* Pods-WebSchedule.release.xcconfig */;
			buildSettings = {
				ASSETCATALOG_COMPILER_APPICON_NAME = AppIcon;
				ASSETCATALOG_COMPILER_GLOBAL_ACCENT_COLOR_NAME = AccentColor;
				CODE_SIGN_STYLE = Automatic;
				DEVELOPMENT_TEAM = N2YBW8Q7F9;
				INFOPLIST_FILE = WebSchedule/Info.plist;
				LD_RUNPATH_SEARCH_PATHS = (
					"$(inherited)",
					"@executable_path/Frameworks",
				);
				PRODUCT_BUNDLE_IDENTIFIER = com.AndreiKonovalov.WebSchedule;
				PRODUCT_NAME = "$(TARGET_NAME)";
				SWIFT_VERSION = 5.0;
				TARGETED_DEVICE_FAMILY = "1,2";
			};
			name = Release;
		};
/* End XCBuildConfiguration section */

/* Begin XCConfigurationList section */
		F6A3CBDC25A49A2200F94EA6 /* Build configuration list for PBXNativeTarget "WebScheduleTests" */ = {
			isa = XCConfigurationList;
			buildConfigurations = (
				F6A3CBDD25A49A2200F94EA6 /* Debug */,
				F6A3CBDE25A49A2200F94EA6 /* Release */,
			);
			defaultConfigurationIsVisible = 0;
			defaultConfigurationName = Release;
		};
		F6C8A72F258E730E00DA874F /* Build configuration list for PBXProject "WebSchedule" */ = {
			isa = XCConfigurationList;
			buildConfigurations = (
				F6C8A746258E731000DA874F /* Debug */,
				F6C8A747258E731000DA874F /* Release */,
			);
			defaultConfigurationIsVisible = 0;
			defaultConfigurationName = Release;
		};
		F6C8A748258E731000DA874F /* Build configuration list for PBXNativeTarget "WebSchedule" */ = {
			isa = XCConfigurationList;
			buildConfigurations = (
				F6C8A749258E731000DA874F /* Debug */,
				F6C8A74A258E731000DA874F /* Release */,
			);
			defaultConfigurationIsVisible = 0;
			defaultConfigurationName = Release;
		};
/* End XCConfigurationList section */
	};
	rootObject = F6C8A72C258E730E00DA874F /* Project object */;
}
